
Microsoft Visual Studio Solution File, Format Version 12.00
# Visual Studio Version 17
VisualStudioVersion = 17.8.34330.188
MinimumVisualStudioVersion = 10.0.40219.1
Project("{FAE04EC0-301F-11D3-BF4B-00C04F79EFBC}") = "SchoolDataLib", "SchoolDataLib\SchoolDataLib.csproj", "{325A9E50-7CE7-4981-9FB0-052450E88466}"
EndProject
Project("{FAE04EC0-301F-11D3-BF4B-00C04F79EFBC}") = "NUnitTestProject1", "NUnitTestProject1\NUnitTestProject1.csproj", "{C6D2DCD3-CA92-4BD7-9AB9-4E4F825F4AE3}"
EndProject
Global
	GlobalSection(SolutionConfigurationPlatforms) = preSolution
		Debug|Any CPU = Debug|Any CPU
		Release|Any CPU = Release|Any CPU
	EndGlobalSection
	GlobalSection(ProjectConfigurationPlatforms) = postSolution
		{325A9E50-7CE7-4981-9FB0-052450E88466}.Debug|Any CPU.ActiveCfg = Debug|Any CPU
		{325A9E50-7CE7-4981-9FB0-052450E88466}.Debug|Any CPU.Build.0 = Debug|Any CPU
		{325A9E50-7CE7-4981-9FB0-052450E88466}.Release|Any CPU.ActiveCfg = Release|Any CPU
		{325A9E50-7CE7-4981-9FB0-052450E88466}.Release|Any CPU.Build.0 = Release|Any CPU
		{C6D2DCD3-CA92-4BD7-9AB9-4E4F825F4AE3}.Debug|Any CPU.ActiveCfg = Debug|Any CPU
		{C6D2DCD3-CA92-4BD7-9AB9-4E4F825F4AE3}.Debug|Any CPU.Build.0 = Debug|Any CPU
		{C6D2DCD3-CA92-4BD7-9AB9-4E4F825F4AE3}.Release|Any CPU.ActiveCfg = Release|Any CPU
		{C6D2DCD3-CA92-4BD7-9AB9-4E4F825F4AE3}.Release|Any CPU.Build.0 = Release|Any CPU
	EndGlobalSection
	GlobalSection(SolutionProperties) = preSolution
		HideSolutionNode = FALSE
	EndGlobalSection
	GlobalSection(ExtensibilityGlobals) = postSolution
		SolutionGuid = {AD07F993-6A54-4DBA-885E-FC332AA02038}
	EndGlobalSection
EndGlobal
